
Microsoft Visual Studio Solution File, Format Version 12.00
# Visual Studio Version 16
VisualStudioVersion = 16.0.32929.386
MinimumVisualStudioVersion = 10.0.40219.1
Project("{FAE04EC0-301F-11D3-BF4B-00C04F79EFBC}") = "A_GUI", "שב-שכבות\A_GUI.csproj", "{DAD18ACE-D1D9-43DF-85EF-A7587DB05087}"
EndProject
Project("{FAE04EC0-301F-11D3-BF4B-00C04F79EFBC}") = "BLL", "BLL\BLL.csproj", "{61BCF5E7-2821-4AD9-BF68-978617D9E627}"
EndProject
Project("{FAE04EC0-301F-11D3-BF4B-00C04F79EFBC}") = "DAL", "DAL\DAL.csproj", "{15C072D6-0B42-4430-AA27-95806D1C05DE}"
EndProject
Project("{FAE04EC0-301F-11D3-BF4B-00C04F79EFBC}") = "Models", "Models\Models.csproj", "{0A6A66F3-EB0F-4242-9A07-4EDFF45C09DB}"
EndProject
Global
	GlobalSection(SolutionConfigurationPlatforms) = preSolution
		Debug|Any CPU = Debug|Any CPU
		Release|Any CPU = Release|Any CPU
	EndGlobalSection
	GlobalSection(ProjectConfigurationPlatforms) = postSolution
		{DAD18ACE-D1D9-43DF-85EF-A7587DB05087}.Debug|Any CPU.ActiveCfg = Debug|Any CPU
		{DAD18ACE-D1D9-43DF-85EF-A7587DB05087}.Debug|Any CPU.Build.0 = Debug|Any CPU
		{DAD18ACE-D1D9-43DF-85EF-A7587DB05087}.Release|Any CPU.ActiveCfg = Release|Any CPU
		{DAD18ACE-D1D9-43DF-85EF-A7587DB05087}.Release|Any CPU.Build.0 = Release|Any CPU
		{61BCF5E7-2821-4AD9-BF68-978617D9E627}.Debug|Any CPU.ActiveCfg = Debug|Any CPU
		{61BCF5E7-2821-4AD9-BF68-978617D9E627}.Debug|Any CPU.Build.0 = Debug|Any CPU
		{61BCF5E7-2821-4AD9-BF68-978617D9E627}.Release|Any CPU.ActiveCfg = Release|Any CPU
		{61BCF5E7-2821-4AD9-BF68-978617D9E627}.Release|Any CPU.Build.0 = Release|Any CPU
		{15C072D6-0B42-4430-AA27-95806D1C05DE}.Debug|Any CPU.ActiveCfg = Debug|Any CPU
		{15C072D6-0B42-4430-AA27-95806D1C05DE}.Debug|Any CPU.Build.0 = Debug|Any CPU
		{15C072D6-0B42-4430-AA27-95806D1C05DE}.Release|Any CPU.ActiveCfg = Release|Any CPU
		{15C072D6-0B42-4430-AA27-95806D1C05DE}.Release|Any CPU.Build.0 = Release|Any CPU
		{0A6A66F3-EB0F-4242-9A07-4EDFF45C09DB}.Debug|Any CPU.ActiveCfg = Debug|Any CPU
		{0A6A66F3-EB0F-4242-9A07-4EDFF45C09DB}.Debug|Any CPU.Build.0 = Debug|Any CPU
		{0A6A66F3-EB0F-4242-9A07-4EDFF45C09DB}.Release|Any CPU.ActiveCfg = Release|Any CPU
		{0A6A66F3-EB0F-4242-9A07-4EDFF45C09DB}.Release|Any CPU.Build.0 = Release|Any CPU
	EndGlobalSection
	GlobalSection(SolutionProperties) = preSolution
		HideSolutionNode = FALSE
	EndGlobalSection
	GlobalSection(ExtensibilityGlobals) = postSolution
		SolutionGuid = {BAB62104-F4C6-4080-9521-506CC44A7A6A}
	EndGlobalSection
EndGlobal
